{
    "_meta": {
        "hash": {
            "sha256": "0406cc872b57d8fd153a06643b8057dd33b20aed257b1318b8bedfba2dd3ad1c"
        },
        "pipfile-spec": 6,
        "requires": {
            "python_version": "3.9"
        },
        "sources": [
            {
                "name": "pypi",
                "url": "https://pypi.org/simple",
                "verify_ssl": true
            }
        ]
    },
    "default": {
        "torch": {
            "hashes": [
                "sha256:034df0b20603bfc81325094586647302891b9b20be7e36f152c7dd6af00deac1",
                "sha256:13e1ffab502aa32d6841a018771b47028d02dbbc685c5b79cfd61db5464dae4e",
                "sha256:3c0a942e0df104c80b0eedc30d2a19cdc3d28601bc6e280bf24b2e6255016d3b",
                "sha256:4499055547087d7ef7e8a754f09c2c4f1470297ae3e5490363dba66c75501b21",
                "sha256:56022b0ce94c54e95a2f63fc5a1494feb1fc3d5c7a9b35a62944651d03edef05",
                "sha256:67fc509e207b8e7330f2e76e77800950317d31d035a4d19593db991962afead4",
                "sha256:9013002adcb42bac05dcdbf0a03dd9f6bb5d7ab8b9817041c1176a014870786b",
                "sha256:ab0cf330714c8f79a837c04784a7a5658b014cf5a4ca527e7b710155ae519cdf",
                "sha256:aef7afb62e9b174b4e0e5e1e4a42e3bab3b8490a668d666f62f7d4517559fbf2",
                "sha256:b812e8d40d7037748da40bb695bd849e7b2e7faad4cd06df53d2cc4531926fda",
                "sha256:ca2c88fa4376e2648785029ab108e6e7abd784eb6535fc6036004b9254f9f7c1",
                "sha256:d6185827b285780653cdd81d77a09fdca76a5b190d5986d552be2a5c442cfaa4",
                "sha256:d6ef87470b44df9970e84542547d5ba7720bb89616602441df555a39b124e2bc",
                "sha256:d82e68302c9b5c76ed585e04d61be0ca2184f70cb8ffeba8610570609ad5d7c9",
                "sha256:e01ba5946267014abfdb30248bcdbd457aaa20cff749febe7fc191e5ae096af4",
                "sha256:e5822200bf80a1495ad98a2bb41803eeba4a85ce373e35fc65765f7f888f5374",
                "sha256:eea16c01af1980ba709c00e8d5e6c09bedb5b30f9fa2085f6a52a78d7dc4e125",
                "sha256:eea675ec01ec4b4a0655fd2984f166a5ca3b933dae6ad4eb4e52eba7026dc176"
            ],
            "index": "pypi",
            "version": "==1.10.0"
        },
        "typing-extensions": {
            "hashes": [
                "sha256:49f75d16ff11f1cd258e1b988ccff82a3ca5570217d7ad8c5f48205dd99a677e",
                "sha256:d8226d10bc02a29bcc81df19a26e56a9647f8b0a6d4a83924139f4a8b01f17b7",
                "sha256:f1d25edafde516b146ecd0613dabcc61409817af4766fbbcfb8d1ad4ec441a34"
            ],
            "version": "==3.10.0.2"
        }
    },
    "develop": {}
}
